
Microsoft Visual Studio Solution File, Format Version 12.00
# Visual Studio Version 17
VisualStudioVersion = 17.14.36915.13 d17.14
MinimumVisualStudioVersion = 10.0.40219.1
Project("{535C04D7-A2A5-47C7-83E0-B340A995CD1F}") = "Processor", "Processor.cblproj", "{89E6560E-9915-4777-AC10-941CE2F76BC4}"
EndProject
Global
	GlobalSection(SolutionConfigurationPlatforms) = preSolution
		Debug|x64 = Debug|x64
		Debug|x86 = Debug|x86
		Release|x64 = Release|x64
		Release|x86 = Release|x86
	EndGlobalSection
	GlobalSection(ProjectConfigurationPlatforms) = postSolution
		{89E6560E-9915-4777-AC10-941CE2F76BC4}.Debug|x64.ActiveCfg = Debug|x64
		{89E6560E-9915-4777-AC10-941CE2F76BC4}.Debug|x64.Build.0 = Debug|x64
		{89E6560E-9915-4777-AC10-941CE2F76BC4}.Debug|x86.ActiveCfg = Debug|x86
		{89E6560E-9915-4777-AC10-941CE2F76BC4}.Debug|x86.Build.0 = Debug|x86
		{89E6560E-9915-4777-AC10-941CE2F76BC4}.Release|x64.ActiveCfg = Release|x64
		{89E6560E-9915-4777-AC10-941CE2F76BC4}.Release|x64.Build.0 = Release|x64
		{89E6560E-9915-4777-AC10-941CE2F76BC4}.Release|x86.ActiveCfg = Release|x86
		{89E6560E-9915-4777-AC10-941CE2F76BC4}.Release|x86.Build.0 = Release|x86
	EndGlobalSection
	GlobalSection(SolutionProperties) = preSolution
		HideSolutionNode = FALSE
	EndGlobalSection
	GlobalSection(ExtensibilityGlobals) = postSolution
		SolutionGuid = {1A09C1A3-DD2C-4A43-B192-7FD6129B09C6}
	EndGlobalSection
EndGlobal
